{
  "R": {
    "Version": "4.4.1",
    "Repositories": [
      {
        "Name": "BioCsoft",
        "URL": "https://bioconductor.org/packages/3.19/bioc"
      },
      {
        "Name": "BioCann",
        "URL": "https://bioconductor.org/packages/3.19/data/annotation"
      },
      {
        "Name": "BioCexp",
        "URL": "https://bioconductor.org/packages/3.19/data/experiment"
      },
      {
        "Name": "BioCworkflows",
        "URL": "https://bioconductor.org/packages/3.19/workflows"
      },
      {
        "Name": "BioCbooks",
        "URL": "https://bioconductor.org/packages/3.19/books"
      },
      {
        "Name": "CRAN",
        "URL": "https://packagemanager.posit.co/cran/latest"
      }
    ]
  },
  "Bioconductor": {
    "Version": "3.19"
  },
  "Packages": {
    "Biobase": {
      "Package": "Biobase",
      "Version": "2.64.0",
      "Source": "Bioconductor",
      "Repository": "Bioconductor 3.19",
      "Requirements": [
        "BiocGenerics",
        "R",
        "methods",
        "utils"
      ],
      "Hash": "9bc4cabd3bfda461409172213d932813"
    },
    "BiocGenerics": {
      "Package": "BiocGenerics",
      "Version": "0.50.0",
      "Source": "Bioconductor",
      "Repository": "Bioconductor 3.19",
      "Requirements": [
        "R",
        "graphics",
        "methods",
        "stats",
        "utils"
      ],
      "Hash": "ef32d07aafdd12f24c5827374ae3590d"
    },
    "BiocManager": {
      "Package": "BiocManager",
      "Version": "1.30.25",
      "Source": "Repository",
      "Repository": "CRAN",
      "Requirements": [
        "utils"
      ],
      "Hash": "3aec5928ca10897d7a0a1205aae64627"
    },
    "BiocVersion": {
      "Package": "BiocVersion",
      "Version": "3.19.1",
      "Source": "Bioconductor",
      "Repository": "Bioconductor 3.19",
      "Requirements": [
        "R"
      ],
      "Hash": "b892e27fc9659a4c8f8787d34c37b8b2"
    },
    "DelayedArray": {
      "Package": "DelayedArray",
      "Version": "0.30.1",
      "Source": "Bioconductor",
      "Repository": "Bioconductor 3.19",
      "Requirements": [
        "BiocGenerics",
        "IRanges",
        "Matrix",
        "MatrixGenerics",
        "R",
        "S4Arrays",
        "S4Vectors",
        "SparseArray",
        "methods",
        "stats",
        "stats4"
      ],
      "Hash": "395472c65cd9d606a1a345687102f299"
    },
    "DelayedMatrixStats": {
      "Package": "DelayedMatrixStats",
      "Version": "1.26.0",
      "Source": "Bioconductor",
      "Repository": "Bioconductor 3.19",
      "Requirements": [
        "DelayedArray",
        "IRanges",
        "Matrix",
        "MatrixGenerics",
        "S4Vectors",
        "methods",
        "sparseMatrixStats"
      ],
      "Hash": "5d9536664ccddb0eaa68a90afe4ee76e"
    },
    "GenomeInfoDb": {
      "Package": "GenomeInfoDb",
      "Version": "1.40.1",
      "Source": "Bioconductor",
      "Repository": "Bioconductor 3.19",
      "Requirements": [
        "BiocGenerics",
        "GenomeInfoDbData",
        "IRanges",
        "R",
        "S4Vectors",
        "UCSC.utils",
        "methods",
        "stats",
        "stats4",
        "utils"
      ],
      "Hash": "171e9becd9bb948b9e64eb3759208c94"
    },
    "GenomeInfoDbData": {
      "Package": "GenomeInfoDbData",
      "Version": "1.2.12",
      "Source": "Bioconductor",
      "Requirements": [
        "R"
      ],
      "Hash": "c3c792a7b7f2677be56e8632c5b7543d"
    },
    "GenomicRanges": {
      "Package": "GenomicRanges",
      "Version": "1.56.1",
      "Source": "Bioconductor",
      "Repository": "Bioconductor 3.19",
      "Requirements": [
        "BiocGenerics",
        "GenomeInfoDb",
        "IRanges",
        "R",
        "S4Vectors",
        "XVector",
        "methods",
        "stats",
        "stats4",
        "utils"
      ],
      "Hash": "a3c822ef3c124828e25e7a9611beeb50"
    },
    "HDF5Array": {
      "Package": "HDF5Array",
      "Version": "1.32.1",
      "Source": "Bioconductor",
      "Repository": "Bioconductor 3.19",
      "Requirements": [
        "BiocGenerics",
        "DelayedArray",
        "IRanges",
        "Matrix",
        "R",
        "Rhdf5lib",
        "S4Arrays",
        "S4Vectors",
        "methods",
        "rhdf5",
        "rhdf5filters",
        "stats",
        "tools",
        "utils"
      ],
      "Hash": "420012f82591a2a20156ef65d4aa210a"
    },
    "IRanges": {
      "Package": "IRanges",
      "Version": "2.38.1",
      "Source": "Bioconductor",
      "Repository": "Bioconductor 3.19",
      "Requirements": [
        "BiocGenerics",
        "R",
        "S4Vectors",
        "methods",
        "stats",
        "stats4",
        "utils"
      ],
      "Hash": "066f3c5d6b022ed62c91ce49e4d8f619"
    },
    "Matrix": {
      "Package": "Matrix",
      "Version": "1.7-0",
      "Source": "Repository",
      "Repository": "CRAN",
      "Requirements": [
        "R",
        "grDevices",
        "graphics",
        "grid",
        "lattice",
        "methods",
        "stats",
        "utils"
      ],
      "Hash": "1920b2f11133b12350024297d8a4ff4a"
    },
    "MatrixGenerics": {
      "Package": "MatrixGenerics",
      "Version": "1.16.0",
      "Source": "Bioconductor",
      "Repository": "Bioconductor 3.19",
      "Requirements": [
        "matrixStats",
        "methods"
      ],
      "Hash": "152dbbcde6a9a7c7f3beef79b68cd76a"
    },
    "R6": {
      "Package": "R6",
      "Version": "2.5.1",
      "Source": "Repository",
      "Repository": "CRAN",
      "Requirements": [
        "R"
      ],
      "Hash": "470851b6d5d0ac559e9d01bb352b4021"
    },
    "Rcpp": {
      "Package": "Rcpp",
      "Version": "1.0.13",
      "Source": "Repository",
      "Repository": "CRAN",
      "Requirements": [
        "methods",
        "utils"
      ],
      "Hash": "f27411eb6d9c3dada5edd444b8416675"
    },
    "RcppArmadillo": {
      "Package": "RcppArmadillo",
      "Version": "14.0.2-1",
      "Source": "Repository",
      "Repository": "CRAN",
      "Requirements": [
        "R",
        "Rcpp",
        "methods",
        "stats",
        "utils"
      ],
      "Hash": "edff747eebfb8f2e18eed194e000caa1"
    },
    "Rhdf5lib": {
      "Package": "Rhdf5lib",
      "Version": "1.26.0",
      "Source": "Bioconductor",
      "Repository": "Bioconductor 3.19",
      "Requirements": [
        "R"
      ],
      "Hash": "c92ba8b9a2c5c9ff600a1062a3b7b727"
    },
    "S4Arrays": {
      "Package": "S4Arrays",
      "Version": "1.4.1",
      "Source": "Bioconductor",
      "Repository": "Bioconductor 3.19",
      "Requirements": [
        "BiocGenerics",
        "IRanges",
        "Matrix",
        "R",
        "S4Vectors",
        "abind",
        "crayon",
        "methods",
        "stats"
      ],
      "Hash": "deeed4802c5132e88f24a432a1caf5e0"
    },
    "S4Vectors": {
      "Package": "S4Vectors",
      "Version": "0.42.1",
      "Source": "Bioconductor",
      "Repository": "Bioconductor 3.19",
      "Requirements": [
        "BiocGenerics",
        "R",
        "methods",
        "stats",
        "stats4",
        "utils"
      ],
      "Hash": "86398fc7c5f6be4ba29fe23ed08c2da6"
    },
    "SingleCellExperiment": {
      "Package": "SingleCellExperiment",
      "Version": "1.26.0",
      "Source": "Bioconductor",
      "Repository": "Bioconductor 3.19",
      "Requirements": [
        "BiocGenerics",
        "DelayedArray",
        "GenomicRanges",
        "S4Vectors",
        "SummarizedExperiment",
        "methods",
        "stats",
        "utils"
      ],
      "Hash": "4476ad434a5e7887884521417cab3764"
    },
    "SparseArray": {
      "Package": "SparseArray",
      "Version": "1.4.8",
      "Source": "Bioconductor",
      "Repository": "Bioconductor 3.19",
      "Requirements": [
        "BiocGenerics",
        "IRanges",
        "Matrix",
        "MatrixGenerics",
        "R",
        "S4Arrays",
        "S4Vectors",
        "XVector",
        "matrixStats",
        "methods",
        "stats",
        "utils"
      ],
      "Hash": "97f70ff11c14edd379ee2429228cbb60"
    },
    "SummarizedExperiment": {
      "Package": "SummarizedExperiment",
      "Version": "1.34.0",
      "Source": "Bioconductor",
      "Repository": "Bioconductor 3.19",
      "Requirements": [
        "Biobase",
        "BiocGenerics",
        "DelayedArray",
        "GenomeInfoDb",
        "GenomicRanges",
        "IRanges",
        "Matrix",
        "MatrixGenerics",
        "R",
        "S4Arrays",
        "S4Vectors",
        "methods",
        "stats",
        "tools",
        "utils"
      ],
      "Hash": "2f6c8cc972ed6aee07c96e3dff729d15"
    },
    "UCSC.utils": {
      "Package": "UCSC.utils",
      "Version": "1.0.0",
      "Source": "Bioconductor",
      "Repository": "Bioconductor 3.19",
      "Requirements": [
        "S4Vectors",
        "httr",
        "jsonlite",
        "methods",
        "stats"
      ],
      "Hash": "83d45b690bffd09d1980c224ef329f5b"
    },
    "XVector": {
      "Package": "XVector",
      "Version": "0.44.0",
      "Source": "Bioconductor",
      "Repository": "Bioconductor 3.19",
      "Requirements": [
        "BiocGenerics",
        "IRanges",
        "R",
        "S4Vectors",
        "methods",
        "tools",
        "utils",
        "zlibbioc"
      ],
      "Hash": "4245b9938ac74c0dbddbebbec6036ab4"
    },
    "abind": {
      "Package": "abind",
      "Version": "1.4-8",
      "Source": "Repository",
      "Repository": "CRAN",
      "Requirements": [
        "R",
        "methods",
        "utils"
      ],
      "Hash": "2288423bb0f20a457800d7fc47f6aa54"
    },
    "arrow": {
      "Package": "arrow",
      "Version": "17.0.0.1",
      "Source": "Repository",
      "Repository": "CRAN",
      "Requirements": [
        "R",
        "R6",
        "assertthat",
        "bit64",
        "cpp11",
        "glue",
        "methods",
        "purrr",
        "rlang",
        "stats",
        "tidyselect",
        "utils",
        "vctrs"
      ],
      "Hash": "14af96cb2973f6a6c220ce9c3e5b02cd"
    },
    "askpass": {
      "Package": "askpass",
      "Version": "1.2.1",
      "Source": "Repository",
      "Repository": "CRAN",
      "Requirements": [
        "sys"
      ],
      "Hash": "c39f4155b3ceb1a9a2799d700fbd4b6a"
    },
    "assertthat": {
      "Package": "assertthat",
      "Version": "0.2.1",
      "Source": "Repository",
      "Repository": "CRAN",
      "Requirements": [
        "tools"
      ],
      "Hash": "50c838a310445e954bc13f26f26a6ecf"
    },
    "beachmat": {
      "Package": "beachmat",
      "Version": "2.20.0",
      "Source": "Bioconductor",
      "Repository": "Bioconductor 3.19",
      "Requirements": [
        "BiocGenerics",
        "DelayedArray",
        "Matrix",
        "Rcpp",
        "SparseArray",
        "methods"
      ],
      "Hash": "10e94b1bce9070632a40c6b873f8b2d4"
    },
    "bit": {
      "Package": "bit",
      "Version": "4.5.0",
      "Source": "Repository",
      "Repository": "CRAN",
      "Requirements": [
        "R"
      ],
      "Hash": "5dc7b2677d65d0e874fc4aaf0e879987"
    },
    "bit64": {
      "Package": "bit64",
      "Version": "4.5.2",
      "Source": "Repository",
      "Repository": "CRAN",
      "Requirements": [
        "R",
        "bit",
        "methods",
        "stats",
        "utils"
      ],
      "Hash": "e84984bf5f12a18628d9a02322128dfd"
    },
    "cli": {
      "Package": "cli",
      "Version": "3.6.3",
      "Source": "Repository",
      "Repository": "CRAN",
      "Requirements": [
        "R",
        "utils"
      ],
      "Hash": "b21916dd77a27642b447374a5d30ecf3"
    },
    "cpp11": {
      "Package": "cpp11",
      "Version": "0.5.0",
      "Source": "Repository",
      "Repository": "CRAN",
      "Requirements": [
        "R"
      ],
      "Hash": "91570bba75d0c9d3f1040c835cee8fba"
    },
    "crayon": {
      "Package": "crayon",
      "Version": "1.5.3",
      "Source": "Repository",
      "Repository": "CRAN",
      "Requirements": [
        "grDevices",
        "methods",
        "utils"
      ],
      "Hash": "859d96e65ef198fd43e82b9628d593ef"
    },
    "curl": {
      "Package": "curl",
      "Version": "5.2.3",
      "Source": "Repository",
      "Repository": "CRAN",
      "Requirements": [
        "R"
      ],
      "Hash": "d91263322a58af798f6cf3b13fd56dde"
    },
    "glmGamPoi": {
      "Package": "glmGamPoi",
      "Version": "1.16.0",
      "Source": "Bioconductor",
      "Repository": "Bioconductor 3.19",
      "Requirements": [
        "BiocGenerics",
        "DelayedArray",
        "DelayedMatrixStats",
        "HDF5Array",
        "MatrixGenerics",
        "Rcpp",
        "RcppArmadillo",
        "SingleCellExperiment",
        "SummarizedExperiment",
        "beachmat",
        "matrixStats",
        "methods",
        "rlang",
        "splines",
        "stats",
        "utils",
        "vctrs"
      ],
      "Hash": "21e305cf5faebb13bee698a5a1c4bced"
    },
    "glue": {
      "Package": "glue",
      "Version": "1.8.0",
      "Source": "Repository",
      "Repository": "CRAN",
      "Requirements": [
        "R",
        "methods"
      ],
      "Hash": "5899f1eaa825580172bb56c08266f37c"
    },
    "httr": {
      "Package": "httr",
      "Version": "1.4.7",
      "Source": "Repository",
      "Repository": "CRAN",
      "Requirements": [
        "R",
        "R6",
        "curl",
        "jsonlite",
        "mime",
        "openssl"
      ],
      "Hash": "ac107251d9d9fd72f0ca8049988f1d7f"
    },
    "jsonlite": {
      "Package": "jsonlite",
      "Version": "1.8.9",
      "Source": "Repository",
      "Repository": "CRAN",
      "Requirements": [
        "methods"
      ],
      "Hash": "4e993b65c2c3ffbffce7bb3e2c6f832b"
    },
    "lattice": {
      "Package": "lattice",
      "Version": "0.22-6",
      "Source": "Repository",
      "Repository": "CRAN",
      "Requirements": [
        "R",
        "grDevices",
        "graphics",
        "grid",
        "stats",
        "utils"
      ],
      "Hash": "cc5ac1ba4c238c7ca9fa6a87ca11a7e2"
    },
    "lifecycle": {
      "Package": "lifecycle",
      "Version": "1.0.4",
      "Source": "Repository",
      "Repository": "CRAN",
      "Requirements": [
        "R",
        "cli",
        "glue",
        "rlang"
      ],
      "Hash": "b8552d117e1b808b09a832f589b79035"
    },
    "magrittr": {
      "Package": "magrittr",
      "Version": "2.0.3",
      "Source": "Repository",
      "Repository": "CRAN",
      "Requirements": [
        "R"
      ],
      "Hash": "7ce2733a9826b3aeb1775d56fd305472"
    },
    "matrixStats": {
      "Package": "matrixStats",
      "Version": "1.4.1",
      "Source": "Repository",
      "Repository": "CRAN",
      "Requirements": [
        "R"
      ],
      "Hash": "8885ffb1f46e820dede6b2ca9442abca"
    },
    "mime": {
      "Package": "mime",
      "Version": "0.12",
      "Source": "Repository",
      "Repository": "CRAN",
      "Requirements": [
        "tools"
      ],
      "Hash": "18e9c28c1d3ca1560ce30658b22ce104"
    },
    "openssl": {
      "Package": "openssl",
      "Version": "2.2.2",
      "Source": "Repository",
      "Repository": "CRAN",
      "Requirements": [
        "askpass"
      ],
      "Hash": "d413e0fef796c9401a4419485f709ca1"
    },
    "purrr": {
      "Package": "purrr",
      "Version": "1.0.2",
      "Source": "Repository",
      "Repository": "CRAN",
      "Requirements": [
        "R",
        "cli",
        "lifecycle",
        "magrittr",
        "rlang",
        "vctrs"
      ],
      "Hash": "1cba04a4e9414bdefc9dcaa99649a8dc"
    },
    "rhdf5": {
      "Package": "rhdf5",
      "Version": "2.48.0",
      "Source": "Bioconductor",
      "Repository": "Bioconductor 3.19",
      "Requirements": [
        "R",
        "Rhdf5lib",
        "methods",
        "rhdf5filters"
      ],
      "Hash": "74d8c5aeb96d090ce8efc9ffd16afa2b"
    },
    "rhdf5filters": {
      "Package": "rhdf5filters",
      "Version": "1.16.0",
      "Source": "Bioconductor",
      "Repository": "Bioconductor 3.19",
      "Requirements": [
        "Rhdf5lib"
      ],
      "Hash": "99e15369f8fb17dc188377234de13fc6"
    },
    "rlang": {
      "Package": "rlang",
      "Version": "1.1.4",
      "Source": "Repository",
      "Repository": "CRAN",
      "Requirements": [
        "R",
        "utils"
      ],
      "Hash": "3eec01f8b1dee337674b2e34ab1f9bc1"
    },
    "sparseMatrixStats": {
      "Package": "sparseMatrixStats",
      "Version": "1.16.0",
      "Source": "Bioconductor",
      "Repository": "Bioconductor 3.19",
      "Requirements": [
        "Matrix",
        "MatrixGenerics",
        "Rcpp",
        "matrixStats",
        "methods"
      ],
      "Hash": "7e500a5a527460ca0406473bdcade286"
    },
    "sys": {
      "Package": "sys",
      "Version": "3.4.3",
      "Source": "Repository",
      "Repository": "CRAN",
      "Hash": "de342ebfebdbf40477d0758d05426646"
    },
    "tidyselect": {
      "Package": "tidyselect",
      "Version": "1.2.1",
      "Source": "Repository",
      "Repository": "CRAN",
      "Requirements": [
        "R",
        "cli",
        "glue",
        "lifecycle",
        "rlang",
        "vctrs",
        "withr"
      ],
      "Hash": "829f27b9c4919c16b593794a6344d6c0"
    },
    "vctrs": {
      "Package": "vctrs",
      "Version": "0.6.5",
      "Source": "Repository",
      "Repository": "CRAN",
      "Requirements": [
        "R",
        "cli",
        "glue",
        "lifecycle",
        "rlang"
      ],
      "Hash": "c03fa420630029418f7e6da3667aac4a"
    },
    "withr": {
      "Package": "withr",
      "Version": "3.0.1",
      "Source": "Repository",
      "Repository": "CRAN",
      "Requirements": [
        "R",
        "grDevices",
        "graphics"
      ],
      "Hash": "07909200e8bbe90426fbfeb73e1e27aa"
    },
    "zlibbioc": {
      "Package": "zlibbioc",
      "Version": "1.50.0",
      "Source": "Bioconductor",
      "Repository": "Bioconductor 3.19",
      "Hash": "3db02e3c460e1c852365df117a2b441b"
    }
  }
}
